
Microsoft Visual Studio Solution File, Format Version 12.00
# Visual Studio Version 17
VisualStudioVersion = 17.5.33530.505
MinimumVisualStudioVersion = 10.0.40219.1
Project("{FAE04EC0-301F-11D3-BF4B-00C04F79EFBC}") = "Return5", "Return5\Return5.csproj", "{70F5DE5A-F739-403D-BC61-8063354FC921}"
EndProject
Global
	GlobalSection(SolutionConfigurationPlatforms) = preSolution
		Debug|Any CPU = Debug|Any CPU
		Release|Any CPU = Release|Any CPU
	EndGlobalSection
	GlobalSection(ProjectConfigurationPlatforms) = postSolution
		{70F5DE5A-F739-403D-BC61-8063354FC921}.Debug|Any CPU.ActiveCfg = Debug|Any CPU
		{70F5DE5A-F739-403D-BC61-8063354FC921}.Debug|Any CPU.Build.0 = Debug|Any CPU
		{70F5DE5A-F739-403D-BC61-8063354FC921}.Release|Any CPU.ActiveCfg = Release|Any CPU
		{70F5DE5A-F739-403D-BC61-8063354FC921}.Release|Any CPU.Build.0 = Release|Any CPU
	EndGlobalSection
	GlobalSection(SolutionProperties) = preSolution
		HideSolutionNode = FALSE
	EndGlobalSection
	GlobalSection(ExtensibilityGlobals) = postSolution
		SolutionGuid = {8257FBCA-3B74-4852-94A6-5BF8A8D2EFA8}
	EndGlobalSection
EndGlobal
