
Microsoft Visual Studio Solution File, Format Version 12.00
# Visual Studio Version 17
VisualStudioVersion = 17.5.33530.505
MinimumVisualStudioVersion = 10.0.40219.1
Project("{FAE04EC0-301F-11D3-BF4B-00C04F79EFBC}") = "Solution8", "Solution8\Solution8.csproj", "{DC2371CD-84BD-4B80-A350-AF395FA6B6D1}"
EndProject
Global
	GlobalSection(SolutionConfigurationPlatforms) = preSolution
		Debug|Any CPU = Debug|Any CPU
		Release|Any CPU = Release|Any CPU
	EndGlobalSection
	GlobalSection(ProjectConfigurationPlatforms) = postSolution
		{DC2371CD-84BD-4B80-A350-AF395FA6B6D1}.Debug|Any CPU.ActiveCfg = Debug|Any CPU
		{DC2371CD-84BD-4B80-A350-AF395FA6B6D1}.Debug|Any CPU.Build.0 = Debug|Any CPU
		{DC2371CD-84BD-4B80-A350-AF395FA6B6D1}.Release|Any CPU.ActiveCfg = Release|Any CPU
		{DC2371CD-84BD-4B80-A350-AF395FA6B6D1}.Release|Any CPU.Build.0 = Release|Any CPU
	EndGlobalSection
	GlobalSection(SolutionProperties) = preSolution
		HideSolutionNode = FALSE
	EndGlobalSection
	GlobalSection(ExtensibilityGlobals) = postSolution
		SolutionGuid = {F35503AA-4711-432C-83D9-79452EE7F9A5}
	EndGlobalSection
EndGlobal
